// !$*UTF8*$!
{
	archiveVersion = 1;
	classes = {
	};
	objectVersion = 56;
	objects = {

/* Begin PBXBuildFile section */
		3A1AF4A52D15E19B00542186 /* SwiggyApp.swift in Sources */ = {isa = PBXBuildFile; fileRef = 3A1AF4A42D15E19B00542186 /* SwiggyApp.swift */; };
		3A1AF4A72D15E19B00542186 /* ContentView.swift in Sources */ = {isa = PBXBuildFile; fileRef = 3A1AF4A62D15E19B00542186 /* ContentView.swift */; };
		3A1AF4A92D15E19C00542186 /* Assets.xcassets in Resources */ = {isa = PBXBuildFile; fileRef = 3A1AF4A82D15E19C00542186 /* Assets.xcassets */; };
		3A1AF4AC2D15E19C00542186 /* Preview Assets.xcassets in Resources */ = {isa = PBXBuildFile; fileRef = 3A1AF4AB2D15E19C00542186 /* Preview Assets.xcassets */; };
		3A1AF4B62D15E30600542186 /* MainView.swift in Sources */ = {isa = PBXBuildFile; fileRef = 3A1AF4B52D15E30600542186 /* MainView.swift */; };
		3A1AF4B82D15E31900542186 /* FoodTabView.swift in Sources */ = {isa = PBXBuildFile; fileRef = 3A1AF4B72D15E31900542186 /* FoodTabView.swift */; };
		3A1AF4BA2D15E36B00542186 /* DummyView.swift in Sources */ = {isa = PBXBuildFile; fileRef = 3A1AF4B92D15E36B00542186 /* DummyView.swift */; };
		3A1AF4BD2D16863A00542186 /* SearchBar.swift in Sources */ = {isa = PBXBuildFile; fileRef = 3A1AF4BC2D16863A00542186 /* SearchBar.swift */; };
		3A1AF4BF2D16865F00542186 /* RestaurantThumbnailView.swift in Sources */ = {isa = PBXBuildFile; fileRef = 3A1AF4BE2D16865F00542186 /* RestaurantThumbnailView.swift */; };
		3A1AF4C12D16868800542186 /* HighlightFeatureItem.swift in Sources */ = {isa = PBXBuildFile; fileRef = 3A1AF4C02D16868800542186 /* HighlightFeatureItem.swift */; };
		3A1AF4C32D1686C500542186 /* PromotionalBanner.swift in Sources */ = {isa = PBXBuildFile; fileRef = 3A1AF4C22D1686C500542186 /* PromotionalBanner.swift */; };
		3A1AF4C62D16872E00542186 /* Restaurant.swift in Sources */ = {isa = PBXBuildFile; fileRef = 3A1AF4C52D16872E00542186 /* Restaurant.swift */; };
		3ABB94BF2D16966D000D6142 /* DistanceCalculator.swift in Sources */ = {isa = PBXBuildFile; fileRef = 3ABB94BE2D16966D000D6142 /* DistanceCalculator.swift */; };
		3ABB94C12D169CD6000D6142 /* WavyShape.swift in Sources */ = {isa = PBXBuildFile; fileRef = 3ABB94C02D169CD6000D6142 /* WavyShape.swift */; };
		3ABB94C32D16A457000D6142 /* Tabs+Enum.swift in Sources */ = {isa = PBXBuildFile; fileRef = 3ABB94C22D16A457000D6142 /* Tabs+Enum.swift */; };
		3ABB94C62D16A89D000D6142 /* Restaurants.swift in Sources */ = {isa = PBXBuildFile; fileRef = 3ABB94C52D16A89D000D6142 /* Restaurants.swift */; };
		3ABB94C82D16A904000D6142 /* RestaurantRow.swift in Sources */ = {isa = PBXBuildFile; fileRef = 3ABB94C72D16A904000D6142 /* RestaurantRow.swift */; };
		3ABB94CA2D16A9B1000D6142 /* QuickPickButton.swift in Sources */ = {isa = PBXBuildFile; fileRef = 3ABB94C92D16A9B1000D6142 /* QuickPickButton.swift */; };
		3ABB94CC2D16A9E6000D6142 /* LocationPicker.swift in Sources */ = {isa = PBXBuildFile; fileRef = 3ABB94CB2D16A9E6000D6142 /* LocationPicker.swift */; };
		3ABB94CE2D16AA2C000D6142 /* NavigationAppBarWithSearch.swift in Sources */ = {isa = PBXBuildFile; fileRef = 3ABB94CD2D16AA2C000D6142 /* NavigationAppBarWithSearch.swift */; };
		3ABB94D02D16B485000D6142 /* SectionTitle.swift in Sources */ = {isa = PBXBuildFile; fileRef = 3ABB94CF2D16B485000D6142 /* SectionTitle.swift */; };
		3ABB94D22D16B500000D6142 /* CashbackBanner.swift in Sources */ = {isa = PBXBuildFile; fileRef = 3ABB94D12D16B500000D6142 /* CashbackBanner.swift */; };
		3ABB94D42D16B550000D6142 /* RefreshControl.swift in Sources */ = {isa = PBXBuildFile; fileRef = 3ABB94D32D16B550000D6142 /* RefreshControl.swift */; };
		3ABB94D62D16CF22000D6142 /* Color+Extension.swift in Sources */ = {isa = PBXBuildFile; fileRef = 3ABB94D52D16CF22000D6142 /* Color+Extension.swift */; };
/* End PBXBuildFile section */

/* Begin PBXFileReference section */
		3A1AF4A12D15E19B00542186 /* Swiggy.app */ = {isa = PBXFileReference; explicitFileType = wrapper.application; includeInIndex = 0; path = Swiggy.app; sourceTree = BUILT_PRODUCTS_DIR; };
		3A1AF4A42D15E19B00542186 /* SwiggyApp.swift */ = {isa = PBXFileReference; lastKnownFileType = sourcecode.swift; path = SwiggyApp.swift; sourceTree = "<group>"; };
		3A1AF4A62D15E19B00542186 /* ContentView.swift */ = {isa = PBXFileReference; lastKnownFileType = sourcecode.swift; path = ContentView.swift; sourceTree = "<group>"; };
		3A1AF4A82D15E19C00542186 /* Assets.xcassets */ = {isa = PBXFileReference; lastKnownFileType = folder.assetcatalog; path = Assets.xcassets; sourceTree = "<group>"; };
		3A1AF4AB2D15E19C00542186 /* Preview Assets.xcassets */ = {isa = PBXFileReference; lastKnownFileType = folder.assetcatalog; path = "Preview Assets.xcassets"; sourceTree = "<group>"; };
		3A1AF4B52D15E30600542186 /* MainView.swift */ = {isa = PBXFileReference; lastKnownFileType = sourcecode.swift; path = MainView.swift; sourceTree = "<group>"; };
		3A1AF4B72D15E31900542186 /* FoodTabView.swift */ = {isa = PBXFileReference; lastKnownFileType = sourcecode.swift; path = FoodTabView.swift; sourceTree = "<group>"; };
		3A1AF4B92D15E36B00542186 /* DummyView.swift */ = {isa = PBXFileReference; lastKnownFileType = sourcecode.swift; path = DummyView.swift; sourceTree = "<group>"; };
		3A1AF4BC2D16863A00542186 /* SearchBar.swift */ = {isa = PBXFileReference; lastKnownFileType = sourcecode.swift; path = SearchBar.swift; sourceTree = "<group>"; };
		3A1AF4BE2D16865F00542186 /* RestaurantThumbnailView.swift */ = {isa = PBXFileReference; lastKnownFileType = sourcecode.swift; path = RestaurantThumbnailView.swift; sourceTree = "<group>"; };
		3A1AF4C02D16868800542186 /* HighlightFeatureItem.swift */ = {isa = PBXFileReference; lastKnownFileType = sourcecode.swift; path = HighlightFeatureItem.swift; sourceTree = "<group>"; };
		3A1AF4C22D1686C500542186 /* PromotionalBanner.swift */ = {isa = PBXFileReference; lastKnownFileType = sourcecode.swift; path = PromotionalBanner.swift; sourceTree = "<group>"; };
		3A1AF4C52D16872E00542186 /* Restaurant.swift */ = {isa = PBXFileReference; lastKnownFileType = sourcecode.swift; path = Restaurant.swift; sourceTree = "<group>"; };
		3ABB94BE2D16966D000D6142 /* DistanceCalculator.swift */ = {isa = PBXFileReference; lastKnownFileType = sourcecode.swift; path = DistanceCalculator.swift; sourceTree = "<group>"; };
		3ABB94C02D169CD6000D6142 /* WavyShape.swift */ = {isa = PBXFileReference; lastKnownFileType = sourcecode.swift; path = WavyShape.swift; sourceTree = "<group>"; };
		3ABB94C22D16A457000D6142 /* Tabs+Enum.swift */ = {isa = PBXFileReference; lastKnownFileType = sourcecode.swift; path = "Tabs+Enum.swift"; sourceTree = "<group>"; };
		3ABB94C52D16A89D000D6142 /* Restaurants.swift */ = {isa = PBXFileReference; lastKnownFileType = sourcecode.swift; path = Restaurants.swift; sourceTree = "<group>"; };
		3ABB94C72D16A904000D6142 /* RestaurantRow.swift */ = {isa = PBXFileReference; lastKnownFileType = sourcecode.swift; path = RestaurantRow.swift; sourceTree = "<group>"; };
		3ABB94C92D16A9B1000D6142 /* QuickPickButton.swift */ = {isa = PBXFileReference; lastKnownFileType = sourcecode.swift; path = QuickPickButton.swift; sourceTree = "<group>"; };
		3ABB94CB2D16A9E6000D6142 /* LocationPicker.swift */ = {isa = PBXFileReference; lastKnownFileType = sourcecode.swift; path = LocationPicker.swift; sourceTree = "<group>"; };
		3ABB94CD2D16AA2C000D6142 /* NavigationAppBarWithSearch.swift */ = {isa = PBXFileReference; lastKnownFileType = sourcecode.swift; path = NavigationAppBarWithSearch.swift; sourceTree = "<group>"; };
		3ABB94CF2D16B485000D6142 /* SectionTitle.swift */ = {isa = PBXFileReference; lastKnownFileType = sourcecode.swift; path = SectionTitle.swift; sourceTree = "<group>"; };
		3ABB94D12D16B500000D6142 /* CashbackBanner.swift */ = {isa = PBXFileReference; lastKnownFileType = sourcecode.swift; path = CashbackBanner.swift; sourceTree = "<group>"; };
		3ABB94D32D16B550000D6142 /* RefreshControl.swift */ = {isa = PBXFileReference; lastKnownFileType = sourcecode.swift; path = RefreshControl.swift; sourceTree = "<group>"; };
		3ABB94D52D16CF22000D6142 /* Color+Extension.swift */ = {isa = PBXFileReference; lastKnownFileType = sourcecode.swift; path = "Color+Extension.swift"; sourceTree = "<group>"; };
/* End PBXFileReference section */

/* Begin PBXFrameworksBuildPhase section */
		3A1AF49E2D15E19B00542186 /* Frameworks */ = {
			isa = PBXFrameworksBuildPhase;
			buildActionMask = 2147483647;
			files = (
			);
			runOnlyForDeploymentPostprocessing = 0;
		};
/* End PBXFrameworksBuildPhase section */

/* Begin PBXGroup section */
		3A1AF4982D15E19B00542186 = {
			isa = PBXGroup;
			children = (
				3A1AF4A32D15E19B00542186 /* Swiggy */,
				3A1AF4A22D15E19B00542186 /* Products */,
			);
			sourceTree = "<group>";
		};
		3A1AF4A22D15E19B00542186 /* Products */ = {
			isa = PBXGroup;
			children = (
				3A1AF4A12D15E19B00542186 /* Swiggy.app */,
			);
			name = Products;
			sourceTree = "<group>";
		};
		3A1AF4A32D15E19B00542186 /* Swiggy */ = {
			isa = PBXGroup;
			children = (
				3ABB94C42D16A88E000D6142 /* data */,
				3ABB94BD2D169656000D6142 /* utils */,
				3A1AF4C42D16871300542186 /* models */,
				3A1AF4B42D15E2E600542186 /* views */,
				3A1AF4A42D15E19B00542186 /* SwiggyApp.swift */,
				3A1AF4A62D15E19B00542186 /* ContentView.swift */,
				3A1AF4A82D15E19C00542186 /* Assets.xcassets */,
				3A1AF4AA2D15E19C00542186 /* Preview Content */,
			);
			path = Swiggy;
			sourceTree = "<group>";
		};
		3A1AF4AA2D15E19C00542186 /* Preview Content */ = {
			isa = PBXGroup;
			children = (
				3A1AF4AB2D15E19C00542186 /* Preview Assets.xcassets */,
			);
			path = "Preview Content";
			sourceTree = "<group>";
		};
		3A1AF4B42D15E2E600542186 /* views */ = {
			isa = PBXGroup;
			children = (
				3A1AF4BB2D167CCC00542186 /* components */,
				3A1AF4B52D15E30600542186 /* MainView.swift */,
				3A1AF4B72D15E31900542186 /* FoodTabView.swift */,
				3A1AF4B92D15E36B00542186 /* DummyView.swift */,
			);
			path = views;
			sourceTree = "<group>";
		};
		3A1AF4BB2D167CCC00542186 /* components */ = {
			isa = PBXGroup;
			children = (
				3A1AF4BC2D16863A00542186 /* SearchBar.swift */,
				3A1AF4BE2D16865F00542186 /* RestaurantThumbnailView.swift */,
				3A1AF4C02D16868800542186 /* HighlightFeatureItem.swift */,
				3A1AF4C22D1686C500542186 /* PromotionalBanner.swift */,
				3ABB94C02D169CD6000D6142 /* WavyShape.swift */,
				3ABB94C72D16A904000D6142 /* RestaurantRow.swift */,
				3ABB94C92D16A9B1000D6142 /* QuickPickButton.swift */,
				3ABB94CB2D16A9E6000D6142 /* LocationPicker.swift */,
				3ABB94CD2D16AA2C000D6142 /* NavigationAppBarWithSearch.swift */,
				3ABB94CF2D16B485000D6142 /* SectionTitle.swift */,
				3ABB94D12D16B500000D6142 /* CashbackBanner.swift */,
				3ABB94D32D16B550000D6142 /* RefreshControl.swift */,
			);
			path = components;
			sourceTree = "<group>";
		};
		3A1AF4C42D16871300542186 /* models */ = {
			isa = PBXGroup;
			children = (
				3A1AF4C52D16872E00542186 /* Restaurant.swift */,
				3ABB94C22D16A457000D6142 /* Tabs+Enum.swift */,
			);
			path = models;
			sourceTree = "<group>";
		};
		3ABB94BD2D169656000D6142 /* utils */ = {
			isa = PBXGroup;
			children = (
				3ABB94BE2D16966D000D6142 /* DistanceCalculator.swift */,
				3ABB94D52D16CF22000D6142 /* Color+Extension.swift */,
			);
			path = utils;
			sourceTree = "<group>";
		};
		3ABB94C42D16A88E000D6142 /* data */ = {
			isa = PBXGroup;
			children = (
				3ABB94C52D16A89D000D6142 /* Restaurants.swift */,
			);
			path = data;
			sourceTree = "<group>";
		};
/* End PBXGroup section */

/* Begin PBXNativeTarget section */
		3A1AF4A02D15E19B00542186 /* Swiggy */ = {
			isa = PBXNativeTarget;
			buildConfigurationList = 3A1AF4AF2D15E19C00542186 /* Build configuration list for PBXNativeTarget "Swiggy" */;
			buildPhases = (
				3A1AF49D2D15E19B00542186 /* Sources */,
				3A1AF49E2D15E19B00542186 /* Frameworks */,
				3A1AF49F2D15E19B00542186 /* Resources */,
			);
			buildRules = (
			);
			dependencies = (
			);
			name = Swiggy;
			productName = Swiggy;
			productReference = 3A1AF4A12D15E19B00542186 /* Swiggy.app */;
			productType = "com.apple.product-type.application";
		};
/* End PBXNativeTarget section */

/* Begin PBXProject section */
		3A1AF4992D15E19B00542186 /* Project object */ = {
			isa = PBXProject;
			attributes = {
				BuildIndependentTargetsInParallel = 1;
				LastSwiftUpdateCheck = 1500;
				LastUpgradeCheck = 1500;
				TargetAttributes = {
					3A1AF4A02D15E19B00542186 = {
						CreatedOnToolsVersion = 15.0;
					};
				};
			};
			buildConfigurationList = 3A1AF49C2D15E19B00542186 /* Build configuration list for PBXProject "Swiggy" */;
			compatibilityVersion = "Xcode 14.0";
			developmentRegion = en;
			hasScannedForEncodings = 0;
			knownRegions = (
				en,
				Base,
			);
			mainGroup = 3A1AF4982D15E19B00542186;
			productRefGroup = 3A1AF4A22D15E19B00542186 /* Products */;
			projectDirPath = "";
			projectRoot = "";
			targets = (
				3A1AF4A02D15E19B00542186 /* Swiggy */,
			);
		};
/* End PBXProject section */

/* Begin PBXResourcesBuildPhase section */
		3A1AF49F2D15E19B00542186 /* Resources */ = {
			isa = PBXResourcesBuildPhase;
			buildActionMask = 2147483647;
			files = (
				3A1AF4AC2D15E19C00542186 /* Preview Assets.xcassets in Resources */,
				3A1AF4A92D15E19C00542186 /* Assets.xcassets in Resources */,
			);
			runOnlyForDeploymentPostprocessing = 0;
		};
/* End PBXResourcesBuildPhase section */

/* Begin PBXSourcesBuildPhase section */
		3A1AF49D2D15E19B00542186 /* Sources */ = {
			isa = PBXSourcesBuildPhase;
			buildActionMask = 2147483647;
			files = (
				3ABB94CC2D16A9E6000D6142 /* LocationPicker.swift in Sources */,
				3ABB94D22D16B500000D6142 /* CashbackBanner.swift in Sources */,
				3ABB94CA2D16A9B1000D6142 /* QuickPickButton.swift in Sources */,
				3A1AF4C62D16872E00542186 /* Restaurant.swift in Sources */,
				3A1AF4C12D16868800542186 /* HighlightFeatureItem.swift in Sources */,
				3A1AF4BA2D15E36B00542186 /* DummyView.swift in Sources */,
				3A1AF4BF2D16865F00542186 /* RestaurantThumbnailView.swift in Sources */,
				3ABB94D02D16B485000D6142 /* SectionTitle.swift in Sources */,
				3A1AF4A72D15E19B00542186 /* ContentView.swift in Sources */,
				3ABB94D62D16CF22000D6142 /* Color+Extension.swift in Sources */,
				3ABB94D42D16B550000D6142 /* RefreshControl.swift in Sources */,
				3ABB94BF2D16966D000D6142 /* DistanceCalculator.swift in Sources */,
				3ABB94C62D16A89D000D6142 /* Restaurants.swift in Sources */,
				3ABB94C32D16A457000D6142 /* Tabs+Enum.swift in Sources */,
				3ABB94C12D169CD6000D6142 /* WavyShape.swift in Sources */,
				3ABB94CE2D16AA2C000D6142 /* NavigationAppBarWithSearch.swift in Sources */,
				3A1AF4B62D15E30600542186 /* MainView.swift in Sources */,
				3ABB94C82D16A904000D6142 /* RestaurantRow.swift in Sources */,
				3A1AF4B82D15E31900542186 /* FoodTabView.swift in Sources */,
				3A1AF4A52D15E19B00542186 /* SwiggyApp.swift in Sources */,
				3A1AF4BD2D16863A00542186 /* SearchBar.swift in Sources */,
				3A1AF4C32D1686C500542186 /* PromotionalBanner.swift in Sources */,
			);
			runOnlyForDeploymentPostprocessing = 0;
		};
/* End PBXSourcesBuildPhase section */

/* Begin XCBuildConfiguration section */
		3A1AF4AD2D15E19C00542186 /* Debug */ = {
			isa = XCBuildConfiguration;
			buildSettings = {
				ALWAYS_SEARCH_USER_PATHS = NO;
				ASSETCATALOG_COMPILER_GENERATE_SWIFT_ASSET_SYMBOL_EXTENSIONS = YES;
				CLANG_ANALYZER_NONNULL = YES;
				CLANG_ANALYZER_NUMBER_OBJECT_CONVERSION = YES_AGGRESSIVE;
				CLANG_CXX_LANGUAGE_STANDARD = "gnu++20";
				CLANG_ENABLE_MODULES = YES;
				CLANG_ENABLE_OBJC_ARC = YES;
				CLANG_ENABLE_OBJC_WEAK = YES;
				CLANG_WARN_BLOCK_CAPTURE_AUTORELEASING = YES;
				CLANG_WARN_BOOL_CONVERSION = YES;
				CLANG_WARN_COMMA = YES;
				CLANG_WARN_CONSTANT_CONVERSION = YES;
				CLANG_WARN_DEPRECATED_OBJC_IMPLEMENTATIONS = YES;
				CLANG_WARN_DIRECT_OBJC_ISA_USAGE = YES_ERROR;
				CLANG_WARN_DOCUMENTATION_COMMENTS = YES;
				CLANG_WARN_EMPTY_BODY = YES;
				CLANG_WARN_ENUM_CONVERSION = YES;
				CLANG_WARN_INFINITE_RECURSION = YES;
				CLANG_WARN_INT_CONVERSION = YES;
				CLANG_WARN_NON_LITERAL_NULL_CONVERSION = YES;
				CLANG_WARN_OBJC_IMPLICIT_RETAIN_SELF = YES;
				CLANG_WARN_OBJC_LITERAL_CONVERSION = YES;
				CLANG_WARN_OBJC_ROOT_CLASS = YES_ERROR;
				CLANG_WARN_QUOTED_INCLUDE_IN_FRAMEWORK_HEADER = YES;
				CLANG_WARN_RANGE_LOOP_ANALYSIS = YES;
				CLANG_WARN_STRICT_PROTOTYPES = YES;
				CLANG_WARN_SUSPICIOUS_MOVE = YES;
				CLANG_WARN_UNGUARDED_AVAILABILITY = YES_AGGRESSIVE;
				CLANG_WARN_UNREACHABLE_CODE = YES;
				CLANG_WARN__DUPLICATE_METHOD_MATCH = YES;
				COPY_PHASE_STRIP = NO;
				DEBUG_INFORMATION_FORMAT = dwarf;
				ENABLE_STRICT_OBJC_MSGSEND = YES;
				ENABLE_TESTABILITY = YES;
				ENABLE_USER_SCRIPT_SANDBOXING = YES;
				GCC_C_LANGUAGE_STANDARD = gnu17;
				GCC_DYNAMIC_NO_PIC = NO;
				GCC_NO_COMMON_BLOCKS = YES;
				GCC_OPTIMIZATION_LEVEL = 0;
				GCC_PREPROCESSOR_DEFINITIONS = (
					"DEBUG=1",
					"$(inherited)",
				);
				GCC_WARN_64_TO_32_BIT_CONVERSION = YES;
				GCC_WARN_ABOUT_RETURN_TYPE = YES_ERROR;
				GCC_WARN_UNDECLARED_SELECTOR = YES;
				GCC_WARN_UNINITIALIZED_AUTOS = YES_AGGRESSIVE;
				GCC_WARN_UNUSED_FUNCTION = YES;
				GCC_WARN_UNUSED_VARIABLE = YES;
				IPHONEOS_DEPLOYMENT_TARGET = 17.0;
				LOCALIZATION_PREFERS_STRING_CATALOGS = YES;
				MTL_ENABLE_DEBUG_INFO = INCLUDE_SOURCE;
				MTL_FAST_MATH = YES;
				ONLY_ACTIVE_ARCH = YES;
				SDKROOT = iphoneos;
				SWIFT_ACTIVE_COMPILATION_CONDITIONS = "DEBUG $(inherited)";
				SWIFT_OPTIMIZATION_LEVEL = "-Onone";
			};
			name = Debug;
		};
		3A1AF4AE2D15E19C00542186 /* Release */ = {
			isa = XCBuildConfiguration;
			buildSettings = {
				ALWAYS_SEARCH_USER_PATHS = NO;
				ASSETCATALOG_COMPILER_GENERATE_SWIFT_ASSET_SYMBOL_EXTENSIONS = YES;
				CLANG_ANALYZER_NONNULL = YES;
				CLANG_ANALYZER_NUMBER_OBJECT_CONVERSION = YES_AGGRESSIVE;
				CLANG_CXX_LANGUAGE_STANDARD = "gnu++20";
				CLANG_ENABLE_MODULES = YES;
				CLANG_ENABLE_OBJC_ARC = YES;
				CLANG_ENABLE_OBJC_WEAK = YES;
				CLANG_WARN_BLOCK_CAPTURE_AUTORELEASING = YES;
				CLANG_WARN_BOOL_CONVERSION = YES;
				CLANG_WARN_COMMA = YES;
				CLANG_WARN_CONSTANT_CONVERSION = YES;
				CLANG_WARN_DEPRECATED_OBJC_IMPLEMENTATIONS = YES;
				CLANG_WARN_DIRECT_OBJC_ISA_USAGE = YES_ERROR;
				CLANG_WARN_DOCUMENTATION_COMMENTS = YES;
				CLANG_WARN_EMPTY_BODY = YES;
				CLANG_WARN_ENUM_CONVERSION = YES;
				CLANG_WARN_INFINITE_RECURSION = YES;
				CLANG_WARN_INT_CONVERSION = YES;
				CLANG_WARN_NON_LITERAL_NULL_CONVERSION = YES;
				CLANG_WARN_OBJC_IMPLICIT_RETAIN_SELF = YES;
				CLANG_WARN_OBJC_LITERAL_CONVERSION = YES;
				CLANG_WARN_OBJC_ROOT_CLASS = YES_ERROR;
				CLANG_WARN_QUOTED_INCLUDE_IN_FRAMEWORK_HEADER = YES;
				CLANG_WARN_RANGE_LOOP_ANALYSIS = YES;
				CLANG_WARN_STRICT_PROTOTYPES = YES;
				CLANG_WARN_SUSPICIOUS_MOVE = YES;
				CLANG_WARN_UNGUARDED_AVAILABILITY = YES_AGGRESSIVE;
				CLANG_WARN_UNREACHABLE_CODE = YES;
				CLANG_WARN__DUPLICATE_METHOD_MATCH = YES;
				COPY_PHASE_STRIP = NO;
				DEBUG_INFORMATION_FORMAT = "dwarf-with-dsym";
				ENABLE_NS_ASSERTIONS = NO;
				ENABLE_STRICT_OBJC_MSGSEND = YES;
				ENABLE_USER_SCRIPT_SANDBOXING = YES;
				GCC_C_LANGUAGE_STANDARD = gnu17;
				GCC_NO_COMMON_BLOCKS = YES;
				GCC_WARN_64_TO_32_BIT_CONVERSION = YES;
				GCC_WARN_ABOUT_RETURN_TYPE = YES_ERROR;
				GCC_WARN_UNDECLARED_SELECTOR = YES;
				GCC_WARN_UNINITIALIZED_AUTOS = YES_AGGRESSIVE;
				GCC_WARN_UNUSED_FUNCTION = YES;
				GCC_WARN_UNUSED_VARIABLE = YES;
				IPHONEOS_DEPLOYMENT_TARGET = 17.0;
				LOCALIZATION_PREFERS_STRING_CATALOGS = YES;
				MTL_ENABLE_DEBUG_INFO = NO;
				MTL_FAST_MATH = YES;
				SDKROOT = iphoneos;
				SWIFT_COMPILATION_MODE = wholemodule;
				VALIDATE_PRODUCT = YES;
			};
			name = Release;
		};
		3A1AF4B02D15E19C00542186 /* Debug */ = {
			isa = XCBuildConfiguration;
			buildSettings = {
				ASSETCATALOG_COMPILER_APPICON_NAME = AppIcon;
				ASSETCATALOG_COMPILER_GLOBAL_ACCENT_COLOR_NAME = AccentColor;
				CODE_SIGN_STYLE = Automatic;
				CURRENT_PROJECT_VERSION = 1;
				DEVELOPMENT_ASSET_PATHS = "\"Swiggy/Preview Content\"";
				DEVELOPMENT_TEAM = B4536J44ZV;
				ENABLE_PREVIEWS = YES;
				GENERATE_INFOPLIST_FILE = YES;
				INFOPLIST_KEY_UIApplicationSceneManifest_Generation = YES;
				INFOPLIST_KEY_UIApplicationSupportsIndirectInputEvents = YES;
				INFOPLIST_KEY_UILaunchScreen_Generation = YES;
				INFOPLIST_KEY_UISupportedInterfaceOrientations_iPad = "UIInterfaceOrientationPortrait UIInterfaceOrientationPortraitUpsideDown UIInterfaceOrientationLandscapeLeft UIInterfaceOrientationLandscapeRight";
				INFOPLIST_KEY_UISupportedInterfaceOrientations_iPhone = "UIInterfaceOrientationPortrait UIInterfaceOrientationLandscapeLeft UIInterfaceOrientationLandscapeRight";
				LD_RUNPATH_SEARCH_PATHS = (
					"$(inherited)",
					"@executable_path/Frameworks",
				);
				MARKETING_VERSION = 1.0;
				PRODUCT_BUNDLE_IDENTIFIER = com.emmanuel.Swiggy;
				PRODUCT_NAME = "$(TARGET_NAME)";
				SWIFT_EMIT_LOC_STRINGS = YES;
				SWIFT_VERSION = 5.0;
				TARGETED_DEVICE_FAMILY = "1,2";
			};
			name = Debug;
		};
		3A1AF4B12D15E19C00542186 /* Release */ = {
			isa = XCBuildConfiguration;
			buildSettings = {
				ASSETCATALOG_COMPILER_APPICON_NAME = AppIcon;
				ASSETCATALOG_COMPILER_GLOBAL_ACCENT_COLOR_NAME = AccentColor;
				CODE_SIGN_STYLE = Automatic;
				CURRENT_PROJECT_VERSION = 1;
				DEVELOPMENT_ASSET_PATHS = "\"Swiggy/Preview Content\"";
				DEVELOPMENT_TEAM = B4536J44ZV;
				ENABLE_PREVIEWS = YES;
				GENERATE_INFOPLIST_FILE = YES;
				INFOPLIST_KEY_UIApplicationSceneManifest_Generation = YES;
				INFOPLIST_KEY_UIApplicationSupportsIndirectInputEvents = YES;
				INFOPLIST_KEY_UILaunchScreen_Generation = YES;
				INFOPLIST_KEY_UISupportedInterfaceOrientations_iPad = "UIInterfaceOrientationPortrait UIInterfaceOrientationPortraitUpsideDown UIInterfaceOrientationLandscapeLeft UIInterfaceOrientationLandscapeRight";
				INFOPLIST_KEY_UISupportedInterfaceOrientations_iPhone = "UIInterfaceOrientationPortrait UIInterfaceOrientationLandscapeLeft UIInterfaceOrientationLandscapeRight";
				LD_RUNPATH_SEARCH_PATHS = (
					"$(inherited)",
					"@executable_path/Frameworks",
				);
				MARKETING_VERSION = 1.0;
				PRODUCT_BUNDLE_IDENTIFIER = com.emmanuel.Swiggy;
				PRODUCT_NAME = "$(TARGET_NAME)";
				SWIFT_EMIT_LOC_STRINGS = YES;
				SWIFT_VERSION = 5.0;
				TARGETED_DEVICE_FAMILY = "1,2";
			};
			name = Release;
		};
/* End XCBuildConfiguration section */

/* Begin XCConfigurationList section */
		3A1AF49C2D15E19B00542186 /* Build configuration list for PBXProject "Swiggy" */ = {
			isa = XCConfigurationList;
			buildConfigurations = (
				3A1AF4AD2D15E19C00542186 /* Debug */,
				3A1AF4AE2D15E19C00542186 /* Release */,
			);
			defaultConfigurationIsVisible = 0;
			defaultConfigurationName = Release;
		};
		3A1AF4AF2D15E19C00542186 /* Build configuration list for PBXNativeTarget "Swiggy" */ = {
			isa = XCConfigurationList;
			buildConfigurations = (
				3A1AF4B02D15E19C00542186 /* Debug */,
				3A1AF4B12D15E19C00542186 /* Release */,
			);
			defaultConfigurationIsVisible = 0;
			defaultConfigurationName = Release;
		};
/* End XCConfigurationList section */
	};
	rootObject = 3A1AF4992D15E19B00542186 /* Project object */;
}
